
Microsoft Visual Studio Solution File, Format Version 12.00
# Visual Studio 15
VisualStudioVersion = 15.0.27130.0
MinimumVisualStudioVersion = 10.0.40219.1
Project("{9A19103F-16F7-4668-BE54-9A1E7A4F7556}") = "Jetsons.JetPack", "Jetsons.JetPack.csproj", "{CAD697CF-75AF-4348-81BF-C78FED42C922}"
EndProject
Global
	GlobalSection(SolutionConfigurationPlatforms) = preSolution
		Debug|Any CPU = Debug|Any CPU
		Release|Any CPU = Release|Any CPU
	EndGlobalSection
	GlobalSection(ProjectConfigurationPlatforms) = postSolution
		{CAD697CF-75AF-4348-81BF-C78FED42C922}.Debug|Any CPU.ActiveCfg = Debug|Any CPU
		{CAD697CF-75AF-4348-81BF-C78FED42C922}.Debug|Any CPU.Build.0 = Debug|Any CPU
		{CAD697CF-75AF-4348-81BF-C78FED42C922}.Release|Any CPU.ActiveCfg = Release|Any CPU
		{CAD697CF-75AF-4348-81BF-C78FED42C922}.Release|Any CPU.Build.0 = Release|Any CPU
	EndGlobalSection
	GlobalSection(SolutionProperties) = preSolution
		HideSolutionNode = FALSE
	EndGlobalSection
	GlobalSection(ExtensibilityGlobals) = postSolution
		SolutionGuid = {4F7299C0-7B79-4437-895F-3690D6B9D9B4}
	EndGlobalSection
EndGlobal
